
Microsoft Visual Studio Solution File, Format Version 12.00
# Visual Studio Version 17
VisualStudioVersion = 17.6.33815.320
MinimumVisualStudioVersion = 10.0.40219.1
Project("{FAE04EC0-301F-11D3-BF4B-00C04F79EFBC}") = "TestV1", "TestV1\TestV1.csproj", "{00F2793B-D360-42B3-A4EA-55B8FC72DF34}"
EndProject
Global
	GlobalSection(SolutionConfigurationPlatforms) = preSolution
		Debug|Any CPU = Debug|Any CPU
		Release|Any CPU = Release|Any CPU
	EndGlobalSection
	GlobalSection(ProjectConfigurationPlatforms) = postSolution
		{00F2793B-D360-42B3-A4EA-55B8FC72DF34}.Debug|Any CPU.ActiveCfg = Debug|Any CPU
		{00F2793B-D360-42B3-A4EA-55B8FC72DF34}.Debug|Any CPU.Build.0 = Debug|Any CPU
		{00F2793B-D360-42B3-A4EA-55B8FC72DF34}.Release|Any CPU.ActiveCfg = Release|Any CPU
		{00F2793B-D360-42B3-A4EA-55B8FC72DF34}.Release|Any CPU.Build.0 = Release|Any CPU
	EndGlobalSection
	GlobalSection(SolutionProperties) = preSolution
		HideSolutionNode = FALSE
	EndGlobalSection
	GlobalSection(ExtensibilityGlobals) = postSolution
		SolutionGuid = {2247E965-057F-42BC-9782-C3A61BE92F82}
	EndGlobalSection
EndGlobal
